// !$*UTF8*$!
{
	archiveVersion = 1;
	classes = {
	};
	objectVersion = 56;
	objects = {

/* Begin PBXBuildFile section */
		6C1B233B29FE5235009BFB6B /* AppDelegate.swift in Sources */ = {isa = PBXBuildFile; fileRef = 6C1B233A29FE5235009BFB6B /* AppDelegate.swift */; };
		6C1B233F29FE5235009BFB6B /* ItemsListViewController.swift in Sources */ = {isa = PBXBuildFile; fileRef = 6C1B233E29FE5235009BFB6B /* ItemsListViewController.swift */; };
		6C1B234429FE5236009BFB6B /* Assets.xcassets in Resources */ = {isa = PBXBuildFile; fileRef = 6C1B234329FE5236009BFB6B /* Assets.xcassets */; };
		6C1B234729FE5236009BFB6B /* LaunchScreen.storyboard in Resources */ = {isa = PBXBuildFile; fileRef = 6C1B234529FE5236009BFB6B /* LaunchScreen.storyboard */; };
		6C1B235229FE5236009BFB6B /* ItemsListTests.swift in Sources */ = {isa = PBXBuildFile; fileRef = 6C1B235129FE5236009BFB6B /* ItemsListTests.swift */; };
		6C1B235C29FE5236009BFB6B /* ItemsListUITests.swift in Sources */ = {isa = PBXBuildFile; fileRef = 6C1B235B29FE5236009BFB6B /* ItemsListUITests.swift */; };
		6C1B235E29FE5236009BFB6B /* ItemsListUITestsLaunchTests.swift in Sources */ = {isa = PBXBuildFile; fileRef = 6C1B235D29FE5236009BFB6B /* ItemsListUITestsLaunchTests.swift */; };
		DDB3102429FE6AD300C11D59 /* Localizable.strings in Resources */ = {isa = PBXBuildFile; fileRef = DDB3102629FE6AD300C11D59 /* Localizable.strings */; };
		DDB3102929FE6C2600C11D59 /* Color.xcassets in Resources */ = {isa = PBXBuildFile; fileRef = DDB3102829FE6C2600C11D59 /* Color.xcassets */; };
		DDB3103C29FE751200C11D59 /* ColorSet.swift in Sources */ = {isa = PBXBuildFile; fileRef = DDB3103B29FE751200C11D59 /* ColorSet.swift */; };
		DDB3103E29FE763B00C11D59 /* ColorManager.swift in Sources */ = {isa = PBXBuildFile; fileRef = DDB3103D29FE763B00C11D59 /* ColorManager.swift */; };
		DDB3104029FE800F00C11D59 /* ItemResponse.swift in Sources */ = {isa = PBXBuildFile; fileRef = DDB3103F29FE800F00C11D59 /* ItemResponse.swift */; };
		DDB3104229FE80B300C11D59 /* CategoryResponse.swift in Sources */ = {isa = PBXBuildFile; fileRef = DDB3104129FE80B300C11D59 /* CategoryResponse.swift */; };
		DDB3104529FE834000C11D59 /* AbstractViewController.swift in Sources */ = {isa = PBXBuildFile; fileRef = DDB3104429FE834000C11D59 /* AbstractViewController.swift */; };
		DDB3104F29FE887900C11D59 /* UIView+Extension.swift in Sources */ = {isa = PBXBuildFile; fileRef = DDB3104E29FE887900C11D59 /* UIView+Extension.swift */; };
		DDB3105529FE90DD00C11D59 /* SnackView.swift in Sources */ = {isa = PBXBuildFile; fileRef = DDB3105429FE90DD00C11D59 /* SnackView.swift */; };
		DDB3105B29FEF98300C11D59 /* UIView+Loader.swift in Sources */ = {isa = PBXBuildFile; fileRef = DDB3105929FEF98300C11D59 /* UIView+Loader.swift */; };
		DDB3105C29FEF98300C11D59 /* LoadingView.swift in Sources */ = {isa = PBXBuildFile; fileRef = DDB3105A29FEF98300C11D59 /* LoadingView.swift */; };
		DDB3107E29FF069800C11D59 /* SceneDelegate.swift in Sources */ = {isa = PBXBuildFile; fileRef = DDB3107D29FF069800C11D59 /* SceneDelegate.swift */; };
		DDB3108129FF0F6700C11D59 /* AbstractService.swift in Sources */ = {isa = PBXBuildFile; fileRef = DDB3108029FF0F6700C11D59 /* AbstractService.swift */; };
		DDB3108329FF103700C11D59 /* Constants.swift in Sources */ = {isa = PBXBuildFile; fileRef = DDB3108229FF103700C11D59 /* Constants.swift */; };
		DDB3108529FF152D00C11D59 /* Item.swift in Sources */ = {isa = PBXBuildFile; fileRef = DDB3108429FF152D00C11D59 /* Item.swift */; };
		DDB3108729FF153900C11D59 /* Category.swift in Sources */ = {isa = PBXBuildFile; fileRef = DDB3108629FF153900C11D59 /* Category.swift */; };
		DDB3108929FF16D000C11D59 /* ItemsResponse+Mapper.swift in Sources */ = {isa = PBXBuildFile; fileRef = DDB3108829FF16D000C11D59 /* ItemsResponse+Mapper.swift */; };
		DDB3108B29FF16E500C11D59 /* CategoryResponse+Mapper.swift in Sources */ = {isa = PBXBuildFile; fileRef = DDB3108A29FF16E500C11D59 /* CategoryResponse+Mapper.swift */; };
		DDB3108E29FF18D800C11D59 /* ItemUIModel.swift in Sources */ = {isa = PBXBuildFile; fileRef = DDB3108D29FF18D800C11D59 /* ItemUIModel.swift */; };
		DDB3109029FF18EA00C11D59 /* CategoryUIModel.swift in Sources */ = {isa = PBXBuildFile; fileRef = DDB3108F29FF18EA00C11D59 /* CategoryUIModel.swift */; };
		DDB3109329FF1A6E00C11D59 /* Item+Mapper.swift in Sources */ = {isa = PBXBuildFile; fileRef = DDB3109229FF1A6E00C11D59 /* Item+Mapper.swift */; };
		DDB3109529FF1A7D00C11D59 /* Category+Mapper.swift in Sources */ = {isa = PBXBuildFile; fileRef = DDB3109429FF1A7D00C11D59 /* Category+Mapper.swift */; };
		DDB3109729FF1BA200C11D59 /* DateFormatter+Extension.swift in Sources */ = {isa = PBXBuildFile; fileRef = DDB3109629FF1BA200C11D59 /* DateFormatter+Extension.swift */; };
		DDB3109B29FF1EF700C11D59 /* AppService.swift in Sources */ = {isa = PBXBuildFile; fileRef = DDB3109A29FF1EF700C11D59 /* AppService.swift */; };
		DDB3109E2A001E9E00C11D59 /* AppError.swift in Sources */ = {isa = PBXBuildFile; fileRef = DDB3109D2A001E9E00C11D59 /* AppError.swift */; };
		DDB310A02A00306900C11D59 /* AppDataSource.swift in Sources */ = {isa = PBXBuildFile; fileRef = DDB3109F2A00306900C11D59 /* AppDataSource.swift */; };
		DDB310A42A003AC800C11D59 /* AppRepository.swift in Sources */ = {isa = PBXBuildFile; fileRef = DDB310A32A003AC800C11D59 /* AppRepository.swift */; };
		DDB310A62A003B0200C11D59 /* UseCaseProvider.swift in Sources */ = {isa = PBXBuildFile; fileRef = DDB310A52A003B0200C11D59 /* UseCaseProvider.swift */; };
		DDB310A82A003B5500C11D59 /* PAppRepository.swift in Sources */ = {isa = PBXBuildFile; fileRef = DDB310A72A003B5500C11D59 /* PAppRepository.swift */; };
		DDB310AA2A003C8E00C11D59 /* AppUseCase.swift in Sources */ = {isa = PBXBuildFile; fileRef = DDB310A92A003C8E00C11D59 /* AppUseCase.swift */; };
/* End PBXBuildFile section */

/* Begin PBXContainerItemProxy section */
		6C1B234E29FE5236009BFB6B /* PBXContainerItemProxy */ = {
			isa = PBXContainerItemProxy;
			containerPortal = 6C1B232F29FE5235009BFB6B /* Project object */;
			proxyType = 1;
			remoteGlobalIDString = 6C1B233629FE5235009BFB6B;
			remoteInfo = ItemsList;
		};
		6C1B235829FE5236009BFB6B /* PBXContainerItemProxy */ = {
			isa = PBXContainerItemProxy;
			containerPortal = 6C1B232F29FE5235009BFB6B /* Project object */;
			proxyType = 1;
			remoteGlobalIDString = 6C1B233629FE5235009BFB6B;
			remoteInfo = ItemsList;
		};
/* End PBXContainerItemProxy section */

/* Begin PBXFileReference section */
		6C1B233729FE5235009BFB6B /* ItemsList.app */ = {isa = PBXFileReference; explicitFileType = wrapper.application; includeInIndex = 0; path = ItemsList.app; sourceTree = BUILT_PRODUCTS_DIR; };
		6C1B233A29FE5235009BFB6B /* AppDelegate.swift */ = {isa = PBXFileReference; lastKnownFileType = sourcecode.swift; path = AppDelegate.swift; sourceTree = "<group>"; };
		6C1B233E29FE5235009BFB6B /* ItemsListViewController.swift */ = {isa = PBXFileReference; lastKnownFileType = sourcecode.swift; path = ItemsListViewController.swift; sourceTree = "<group>"; };
		6C1B234329FE5236009BFB6B /* Assets.xcassets */ = {isa = PBXFileReference; lastKnownFileType = folder.assetcatalog; path = Assets.xcassets; sourceTree = "<group>"; };
		6C1B234629FE5236009BFB6B /* Base */ = {isa = PBXFileReference; lastKnownFileType = file.storyboard; name = Base; path = Base.lproj/LaunchScreen.storyboard; sourceTree = "<group>"; };
		6C1B234829FE5236009BFB6B /* Info.plist */ = {isa = PBXFileReference; lastKnownFileType = text.plist.xml; path = Info.plist; sourceTree = "<group>"; };
		6C1B234D29FE5236009BFB6B /* ItemsListTests.xctest */ = {isa = PBXFileReference; explicitFileType = wrapper.cfbundle; includeInIndex = 0; path = ItemsListTests.xctest; sourceTree = BUILT_PRODUCTS_DIR; };
		6C1B235129FE5236009BFB6B /* ItemsListTests.swift */ = {isa = PBXFileReference; lastKnownFileType = sourcecode.swift; path = ItemsListTests.swift; sourceTree = "<group>"; };
		6C1B235729FE5236009BFB6B /* ItemsListUITests.xctest */ = {isa = PBXFileReference; explicitFileType = wrapper.cfbundle; includeInIndex = 0; path = ItemsListUITests.xctest; sourceTree = BUILT_PRODUCTS_DIR; };
		6C1B235B29FE5236009BFB6B /* ItemsListUITests.swift */ = {isa = PBXFileReference; lastKnownFileType = sourcecode.swift; path = ItemsListUITests.swift; sourceTree = "<group>"; };
		6C1B235D29FE5236009BFB6B /* ItemsListUITestsLaunchTests.swift */ = {isa = PBXFileReference; lastKnownFileType = sourcecode.swift; path = ItemsListUITestsLaunchTests.swift; sourceTree = "<group>"; };
		DDB3102529FE6AD300C11D59 /* en */ = {isa = PBXFileReference; lastKnownFileType = text.plist.strings; name = en; path = en.lproj/Localizable.strings; sourceTree = "<group>"; };
		DDB3102729FE6AF000C11D59 /* fr */ = {isa = PBXFileReference; lastKnownFileType = text.plist.strings; name = fr; path = fr.lproj/Localizable.strings; sourceTree = "<group>"; };
		DDB3102829FE6C2600C11D59 /* Color.xcassets */ = {isa = PBXFileReference; lastKnownFileType = folder.assetcatalog; path = Color.xcassets; sourceTree = "<group>"; };
		DDB3103B29FE751200C11D59 /* ColorSet.swift */ = {isa = PBXFileReference; lastKnownFileType = sourcecode.swift; path = ColorSet.swift; sourceTree = "<group>"; };
		DDB3103D29FE763B00C11D59 /* ColorManager.swift */ = {isa = PBXFileReference; lastKnownFileType = sourcecode.swift; path = ColorManager.swift; sourceTree = "<group>"; };
		DDB3103F29FE800F00C11D59 /* ItemResponse.swift */ = {isa = PBXFileReference; lastKnownFileType = sourcecode.swift; path = ItemResponse.swift; sourceTree = "<group>"; };
		DDB3104129FE80B300C11D59 /* CategoryResponse.swift */ = {isa = PBXFileReference; lastKnownFileType = sourcecode.swift; path = CategoryResponse.swift; sourceTree = "<group>"; };
		DDB3104429FE834000C11D59 /* AbstractViewController.swift */ = {isa = PBXFileReference; lastKnownFileType = sourcecode.swift; path = AbstractViewController.swift; sourceTree = "<group>"; };
		DDB3104E29FE887900C11D59 /* UIView+Extension.swift */ = {isa = PBXFileReference; lastKnownFileType = sourcecode.swift; path = "UIView+Extension.swift"; sourceTree = "<group>"; };
		DDB3105429FE90DD00C11D59 /* SnackView.swift */ = {isa = PBXFileReference; lastKnownFileType = sourcecode.swift; path = SnackView.swift; sourceTree = "<group>"; };
		DDB3105929FEF98300C11D59 /* UIView+Loader.swift */ = {isa = PBXFileReference; fileEncoding = 4; lastKnownFileType = sourcecode.swift; path = "UIView+Loader.swift"; sourceTree = "<group>"; };
		DDB3105A29FEF98300C11D59 /* LoadingView.swift */ = {isa = PBXFileReference; fileEncoding = 4; lastKnownFileType = sourcecode.swift; path = LoadingView.swift; sourceTree = "<group>"; };
		DDB3107D29FF069800C11D59 /* SceneDelegate.swift */ = {isa = PBXFileReference; lastKnownFileType = sourcecode.swift; path = SceneDelegate.swift; sourceTree = "<group>"; };
		DDB3108029FF0F6700C11D59 /* AbstractService.swift */ = {isa = PBXFileReference; lastKnownFileType = sourcecode.swift; path = AbstractService.swift; sourceTree = "<group>"; };
		DDB3108229FF103700C11D59 /* Constants.swift */ = {isa = PBXFileReference; lastKnownFileType = sourcecode.swift; path = Constants.swift; sourceTree = "<group>"; };
		DDB3108429FF152D00C11D59 /* Item.swift */ = {isa = PBXFileReference; lastKnownFileType = sourcecode.swift; path = Item.swift; sourceTree = "<group>"; };
		DDB3108629FF153900C11D59 /* Category.swift */ = {isa = PBXFileReference; lastKnownFileType = sourcecode.swift; path = Category.swift; sourceTree = "<group>"; };
		DDB3108829FF16D000C11D59 /* ItemsResponse+Mapper.swift */ = {isa = PBXFileReference; lastKnownFileType = sourcecode.swift; path = "ItemsResponse+Mapper.swift"; sourceTree = "<group>"; };
		DDB3108A29FF16E500C11D59 /* CategoryResponse+Mapper.swift */ = {isa = PBXFileReference; lastKnownFileType = sourcecode.swift; path = "CategoryResponse+Mapper.swift"; sourceTree = "<group>"; };
		DDB3108D29FF18D800C11D59 /* ItemUIModel.swift */ = {isa = PBXFileReference; lastKnownFileType = sourcecode.swift; path = ItemUIModel.swift; sourceTree = "<group>"; };
		DDB3108F29FF18EA00C11D59 /* CategoryUIModel.swift */ = {isa = PBXFileReference; lastKnownFileType = sourcecode.swift; path = CategoryUIModel.swift; sourceTree = "<group>"; };
		DDB3109229FF1A6E00C11D59 /* Item+Mapper.swift */ = {isa = PBXFileReference; lastKnownFileType = sourcecode.swift; path = "Item+Mapper.swift"; sourceTree = "<group>"; };
		DDB3109429FF1A7D00C11D59 /* Category+Mapper.swift */ = {isa = PBXFileReference; lastKnownFileType = sourcecode.swift; path = "Category+Mapper.swift"; sourceTree = "<group>"; };
		DDB3109629FF1BA200C11D59 /* DateFormatter+Extension.swift */ = {isa = PBXFileReference; lastKnownFileType = sourcecode.swift; path = "DateFormatter+Extension.swift"; sourceTree = "<group>"; };
		DDB3109A29FF1EF700C11D59 /* AppService.swift */ = {isa = PBXFileReference; lastKnownFileType = sourcecode.swift; path = AppService.swift; sourceTree = "<group>"; };
		DDB3109D2A001E9E00C11D59 /* AppError.swift */ = {isa = PBXFileReference; lastKnownFileType = sourcecode.swift; path = AppError.swift; sourceTree = "<group>"; };
		DDB3109F2A00306900C11D59 /* AppDataSource.swift */ = {isa = PBXFileReference; lastKnownFileType = sourcecode.swift; path = AppDataSource.swift; sourceTree = "<group>"; };
		DDB310A32A003AC800C11D59 /* AppRepository.swift */ = {isa = PBXFileReference; lastKnownFileType = sourcecode.swift; path = AppRepository.swift; sourceTree = "<group>"; };
		DDB310A52A003B0200C11D59 /* UseCaseProvider.swift */ = {isa = PBXFileReference; lastKnownFileType = sourcecode.swift; path = UseCaseProvider.swift; sourceTree = "<group>"; };
		DDB310A72A003B5500C11D59 /* PAppRepository.swift */ = {isa = PBXFileReference; lastKnownFileType = sourcecode.swift; path = PAppRepository.swift; sourceTree = "<group>"; };
		DDB310A92A003C8E00C11D59 /* AppUseCase.swift */ = {isa = PBXFileReference; lastKnownFileType = sourcecode.swift; path = AppUseCase.swift; sourceTree = "<group>"; };
/* End PBXFileReference section */

/* Begin PBXFrameworksBuildPhase section */
		6C1B233429FE5235009BFB6B /* Frameworks */ = {
			isa = PBXFrameworksBuildPhase;
			buildActionMask = 2147483647;
			files = (
			);
			runOnlyForDeploymentPostprocessing = 0;
		};
		6C1B234A29FE5236009BFB6B /* Frameworks */ = {
			isa = PBXFrameworksBuildPhase;
			buildActionMask = 2147483647;
			files = (
			);
			runOnlyForDeploymentPostprocessing = 0;
		};
		6C1B235429FE5236009BFB6B /* Frameworks */ = {
			isa = PBXFrameworksBuildPhase;
			buildActionMask = 2147483647;
			files = (
			);
			runOnlyForDeploymentPostprocessing = 0;
		};
/* End PBXFrameworksBuildPhase section */

/* Begin PBXGroup section */
		6C1B232E29FE5235009BFB6B = {
			isa = PBXGroup;
			children = (
				6C1B233929FE5235009BFB6B /* ItemsList */,
				6C1B235029FE5236009BFB6B /* ItemsListTests */,
				6C1B235A29FE5236009BFB6B /* ItemsListUITests */,
				6C1B233829FE5235009BFB6B /* Products */,
			);
			sourceTree = "<group>";
		};
		6C1B233829FE5235009BFB6B /* Products */ = {
			isa = PBXGroup;
			children = (
				6C1B233729FE5235009BFB6B /* ItemsList.app */,
				6C1B234D29FE5236009BFB6B /* ItemsListTests.xctest */,
				6C1B235729FE5236009BFB6B /* ItemsListUITests.xctest */,
			);
			name = Products;
			sourceTree = "<group>";
		};
		6C1B233929FE5235009BFB6B /* ItemsList */ = {
			isa = PBXGroup;
			children = (
				6C1B234829FE5236009BFB6B /* Info.plist */,
				DDB3109C2A001E7100C11D59 /* Base */,
				DDB3101E29FE685800C11D59 /* Data */,
				DDB3101F29FE685F00C11D59 /* Domain */,
				DDB3102029FE686E00C11D59 /* Presentation */,
				DDB3102129FE693B00C11D59 /* Resources */,
			);
			path = ItemsList;
			sourceTree = "<group>";
		};
		6C1B235029FE5236009BFB6B /* ItemsListTests */ = {
			isa = PBXGroup;
			children = (
				6C1B235129FE5236009BFB6B /* ItemsListTests.swift */,
			);
			path = ItemsListTests;
			sourceTree = "<group>";
		};
		6C1B235A29FE5236009BFB6B /* ItemsListUITests */ = {
			isa = PBXGroup;
			children = (
				6C1B235B29FE5236009BFB6B /* ItemsListUITests.swift */,
				6C1B235D29FE5236009BFB6B /* ItemsListUITestsLaunchTests.swift */,
			);
			path = ItemsListUITests;
			sourceTree = "<group>";
		};
		DDB3101E29FE685800C11D59 /* Data */ = {
			isa = PBXGroup;
			children = (
				DDB3108229FF103700C11D59 /* Constants.swift */,
				DDB3103229FE6F0900C11D59 /* Models */,
				DDB3103329FE6F1800C11D59 /* Mappers */,
				DDB3103429FE6F2800C11D59 /* Service */,
				DDB3109F2A00306900C11D59 /* AppDataSource.swift */,
				DDB310A32A003AC800C11D59 /* AppRepository.swift */,
			);
			path = Data;
			sourceTree = "<group>";
		};
		DDB3101F29FE685F00C11D59 /* Domain */ = {
			isa = PBXGroup;
			children = (
				DDB310A52A003B0200C11D59 /* UseCaseProvider.swift */,
				DDB310A72A003B5500C11D59 /* PAppRepository.swift */,
				DDB310A92A003C8E00C11D59 /* AppUseCase.swift */,
				DDB3103729FE6F6100C11D59 /* Models */,
				DDB3109129FF1A4D00C11D59 /* Mappers */,
			);
			path = Domain;
			sourceTree = "<group>";
		};
		DDB3102029FE686E00C11D59 /* Presentation */ = {
			isa = PBXGroup;
			children = (
				DDB3104329FE832E00C11D59 /* Common */,
				DDB3108C29FF18BC00C11D59 /* Models */,
				DDB3102A29FE6D1400C11D59 /* Constants */,
				DDB3103A29FE6FA700C11D59 /* Utils */,
				6C1B233E29FE5235009BFB6B /* ItemsListViewController.swift */,
			);
			path = Presentation;
			sourceTree = "<group>";
		};
		DDB3102129FE693B00C11D59 /* Resources */ = {
			isa = PBXGroup;
			children = (
				DDB3102629FE6AD300C11D59 /* Localizable.strings */,
				6C1B234329FE5236009BFB6B /* Assets.xcassets */,
				DDB3102829FE6C2600C11D59 /* Color.xcassets */,
				6C1B234529FE5236009BFB6B /* LaunchScreen.storyboard */,
			);
			path = Resources;
			sourceTree = "<group>";
		};
		DDB3102A29FE6D1400C11D59 /* Constants */ = {
			isa = PBXGroup;
			children = (
				DDB3103B29FE751200C11D59 /* ColorSet.swift */,
			);
			path = Constants;
			sourceTree = "<group>";
		};
		DDB3103229FE6F0900C11D59 /* Models */ = {
			isa = PBXGroup;
			children = (
				DDB3103F29FE800F00C11D59 /* ItemResponse.swift */,
				DDB3104129FE80B300C11D59 /* CategoryResponse.swift */,
			);
			path = Models;
			sourceTree = "<group>";
		};
		DDB3103329FE6F1800C11D59 /* Mappers */ = {
			isa = PBXGroup;
			children = (
				DDB3108829FF16D000C11D59 /* ItemsResponse+Mapper.swift */,
				DDB3108A29FF16E500C11D59 /* CategoryResponse+Mapper.swift */,
			);
			path = Mappers;
			sourceTree = "<group>";
		};
		DDB3103429FE6F2800C11D59 /* Service */ = {
			isa = PBXGroup;
			children = (
				DDB3108029FF0F6700C11D59 /* AbstractService.swift */,
				DDB3109A29FF1EF700C11D59 /* AppService.swift */,
			);
			path = Service;
			sourceTree = "<group>";
		};
		DDB3103729FE6F6100C11D59 /* Models */ = {
			isa = PBXGroup;
			children = (
				DDB3108429FF152D00C11D59 /* Item.swift */,
				DDB3108629FF153900C11D59 /* Category.swift */,
			);
			path = Models;
			sourceTree = "<group>";
		};
		DDB3103A29FE6FA700C11D59 /* Utils */ = {
			isa = PBXGroup;
			children = (
				DDB3104B29FE878A00C11D59 /* Extensions */,
			);
			path = Utils;
			sourceTree = "<group>";
		};
		DDB3104329FE832E00C11D59 /* Common */ = {
			isa = PBXGroup;
			children = (
				DDB3105829FEF98300C11D59 /* LoadingView */,
				DDB3104429FE834000C11D59 /* AbstractViewController.swift */,
				DDB3103D29FE763B00C11D59 /* ColorManager.swift */,
				DDB3105429FE90DD00C11D59 /* SnackView.swift */,
			);
			path = Common;
			sourceTree = "<group>";
		};
		DDB3104B29FE878A00C11D59 /* Extensions */ = {
			isa = PBXGroup;
			children = (
				DDB3104E29FE887900C11D59 /* UIView+Extension.swift */,
				DDB3109629FF1BA200C11D59 /* DateFormatter+Extension.swift */,
			);
			path = Extensions;
			sourceTree = "<group>";
		};
		DDB3105829FEF98300C11D59 /* LoadingView */ = {
			isa = PBXGroup;
			children = (
				DDB3105929FEF98300C11D59 /* UIView+Loader.swift */,
				DDB3105A29FEF98300C11D59 /* LoadingView.swift */,
			);
			path = LoadingView;
			sourceTree = "<group>";
		};
		DDB3108C29FF18BC00C11D59 /* Models */ = {
			isa = PBXGroup;
			children = (
				DDB3108D29FF18D800C11D59 /* ItemUIModel.swift */,
				DDB3108F29FF18EA00C11D59 /* CategoryUIModel.swift */,
			);
			path = Models;
			sourceTree = "<group>";
		};
		DDB3109129FF1A4D00C11D59 /* Mappers */ = {
			isa = PBXGroup;
			children = (
				DDB3109229FF1A6E00C11D59 /* Item+Mapper.swift */,
				DDB3109429FF1A7D00C11D59 /* Category+Mapper.swift */,
			);
			path = Mappers;
			sourceTree = "<group>";
		};
		DDB3109C2A001E7100C11D59 /* Base */ = {
			isa = PBXGroup;
			children = (
				DDB3107D29FF069800C11D59 /* SceneDelegate.swift */,
				6C1B233A29FE5235009BFB6B /* AppDelegate.swift */,
				DDB3109D2A001E9E00C11D59 /* AppError.swift */,
			);
			path = Base;
			sourceTree = "<group>";
		};
/* End PBXGroup section */

/* Begin PBXNativeTarget section */
		6C1B233629FE5235009BFB6B /* ItemsList */ = {
			isa = PBXNativeTarget;
			buildConfigurationList = 6C1B236129FE5236009BFB6B /* Build configuration list for PBXNativeTarget "ItemsList" */;
			buildPhases = (
				6C1B233329FE5235009BFB6B /* Sources */,
				6C1B233429FE5235009BFB6B /* Frameworks */,
				6C1B233529FE5235009BFB6B /* Resources */,
			);
			buildRules = (
			);
			dependencies = (
			);
			name = ItemsList;
			productName = ItemsList;
			productReference = 6C1B233729FE5235009BFB6B /* ItemsList.app */;
			productType = "com.apple.product-type.application";
		};
		6C1B234C29FE5236009BFB6B /* ItemsListTests */ = {
			isa = PBXNativeTarget;
			buildConfigurationList = 6C1B236429FE5236009BFB6B /* Build configuration list for PBXNativeTarget "ItemsListTests" */;
			buildPhases = (
				6C1B234929FE5236009BFB6B /* Sources */,
				6C1B234A29FE5236009BFB6B /* Frameworks */,
				6C1B234B29FE5236009BFB6B /* Resources */,
			);
			buildRules = (
			);
			dependencies = (
				6C1B234F29FE5236009BFB6B /* PBXTargetDependency */,
			);
			name = ItemsListTests;
			productName = ItemsListTests;
			productReference = 6C1B234D29FE5236009BFB6B /* ItemsListTests.xctest */;
			productType = "com.apple.product-type.bundle.unit-test";
		};
		6C1B235629FE5236009BFB6B /* ItemsListUITests */ = {
			isa = PBXNativeTarget;
			buildConfigurationList = 6C1B236729FE5236009BFB6B /* Build configuration list for PBXNativeTarget "ItemsListUITests" */;
			buildPhases = (
				6C1B235329FE5236009BFB6B /* Sources */,
				6C1B235429FE5236009BFB6B /* Frameworks */,
				6C1B235529FE5236009BFB6B /* Resources */,
			);
			buildRules = (
			);
			dependencies = (
				6C1B235929FE5236009BFB6B /* PBXTargetDependency */,
			);
			name = ItemsListUITests;
			productName = ItemsListUITests;
			productReference = 6C1B235729FE5236009BFB6B /* ItemsListUITests.xctest */;
			productType = "com.apple.product-type.bundle.ui-testing";
		};
/* End PBXNativeTarget section */

/* Begin PBXProject section */
		6C1B232F29FE5235009BFB6B /* Project object */ = {
			isa = PBXProject;
			attributes = {
				BuildIndependentTargetsInParallel = 1;
				LastSwiftUpdateCheck = 1400;
				LastUpgradeCheck = 1400;
				TargetAttributes = {
					6C1B233629FE5235009BFB6B = {
						CreatedOnToolsVersion = 14.0.1;
					};
					6C1B234C29FE5236009BFB6B = {
						CreatedOnToolsVersion = 14.0.1;
						TestTargetID = 6C1B233629FE5235009BFB6B;
					};
					6C1B235629FE5236009BFB6B = {
						CreatedOnToolsVersion = 14.0.1;
						TestTargetID = 6C1B233629FE5235009BFB6B;
					};
				};
			};
			buildConfigurationList = 6C1B233229FE5235009BFB6B /* Build configuration list for PBXProject "ItemsList" */;
			compatibilityVersion = "Xcode 14.0";
			developmentRegion = en;
			hasScannedForEncodings = 0;
			knownRegions = (
				en,
				Base,
				fr,
			);
			mainGroup = 6C1B232E29FE5235009BFB6B;
			productRefGroup = 6C1B233829FE5235009BFB6B /* Products */;
			projectDirPath = "";
			projectRoot = "";
			targets = (
				6C1B233629FE5235009BFB6B /* ItemsList */,
				6C1B234C29FE5236009BFB6B /* ItemsListTests */,
				6C1B235629FE5236009BFB6B /* ItemsListUITests */,
			);
		};
/* End PBXProject section */

/* Begin PBXResourcesBuildPhase section */
		6C1B233529FE5235009BFB6B /* Resources */ = {
			isa = PBXResourcesBuildPhase;
			buildActionMask = 2147483647;
			files = (
				6C1B234729FE5236009BFB6B /* LaunchScreen.storyboard in Resources */,
				DDB3102929FE6C2600C11D59 /* Color.xcassets in Resources */,
				DDB3102429FE6AD300C11D59 /* Localizable.strings in Resources */,
				6C1B234429FE5236009BFB6B /* Assets.xcassets in Resources */,
			);
			runOnlyForDeploymentPostprocessing = 0;
		};
		6C1B234B29FE5236009BFB6B /* Resources */ = {
			isa = PBXResourcesBuildPhase;
			buildActionMask = 2147483647;
			files = (
			);
			runOnlyForDeploymentPostprocessing = 0;
		};
		6C1B235529FE5236009BFB6B /* Resources */ = {
			isa = PBXResourcesBuildPhase;
			buildActionMask = 2147483647;
			files = (
			);
			runOnlyForDeploymentPostprocessing = 0;
		};
/* End PBXResourcesBuildPhase section */

/* Begin PBXSourcesBuildPhase section */
		6C1B233329FE5235009BFB6B /* Sources */ = {
			isa = PBXSourcesBuildPhase;
			buildActionMask = 2147483647;
			files = (
				DDB3109529FF1A7D00C11D59 /* Category+Mapper.swift in Sources */,
				6C1B233F29FE5235009BFB6B /* ItemsListViewController.swift in Sources */,
				DDB3108E29FF18D800C11D59 /* ItemUIModel.swift in Sources */,
				DDB3103C29FE751200C11D59 /* ColorSet.swift in Sources */,
				DDB3104229FE80B300C11D59 /* CategoryResponse.swift in Sources */,
				DDB310A82A003B5500C11D59 /* PAppRepository.swift in Sources */,
				DDB3108929FF16D000C11D59 /* ItemsResponse+Mapper.swift in Sources */,
				DDB3109729FF1BA200C11D59 /* DateFormatter+Extension.swift in Sources */,
				DDB310A42A003AC800C11D59 /* AppRepository.swift in Sources */,
				DDB3109029FF18EA00C11D59 /* CategoryUIModel.swift in Sources */,
				DDB3108129FF0F6700C11D59 /* AbstractService.swift in Sources */,
				6C1B233B29FE5235009BFB6B /* AppDelegate.swift in Sources */,
				DDB3105B29FEF98300C11D59 /* UIView+Loader.swift in Sources */,
				DDB3109329FF1A6E00C11D59 /* Item+Mapper.swift in Sources */,
				DDB3108B29FF16E500C11D59 /* CategoryResponse+Mapper.swift in Sources */,
				DDB3109B29FF1EF700C11D59 /* AppService.swift in Sources */,
				DDB3105C29FEF98300C11D59 /* LoadingView.swift in Sources */,
				DDB3108729FF153900C11D59 /* Category.swift in Sources */,
				DDB3109E2A001E9E00C11D59 /* AppError.swift in Sources */,
				DDB3105529FE90DD00C11D59 /* SnackView.swift in Sources */,
				DDB3103E29FE763B00C11D59 /* ColorManager.swift in Sources */,
				DDB310A62A003B0200C11D59 /* UseCaseProvider.swift in Sources */,
				DDB3104029FE800F00C11D59 /* ItemResponse.swift in Sources */,
				DDB3108529FF152D00C11D59 /* Item.swift in Sources */,
				DDB3104529FE834000C11D59 /* AbstractViewController.swift in Sources */,
				DDB3108329FF103700C11D59 /* Constants.swift in Sources */,
				DDB3104F29FE887900C11D59 /* UIView+Extension.swift in Sources */,
				DDB310AA2A003C8E00C11D59 /* AppUseCase.swift in Sources */,
				DDB310A02A00306900C11D59 /* AppDataSource.swift in Sources */,
				DDB3107E29FF069800C11D59 /* SceneDelegate.swift in Sources */,
			);
			runOnlyForDeploymentPostprocessing = 0;
		};
		6C1B234929FE5236009BFB6B /* Sources */ = {
			isa = PBXSourcesBuildPhase;
			buildActionMask = 2147483647;
			files = (
				6C1B235229FE5236009BFB6B /* ItemsListTests.swift in Sources */,
			);
			runOnlyForDeploymentPostprocessing = 0;
		};
		6C1B235329FE5236009BFB6B /* Sources */ = {
			isa = PBXSourcesBuildPhase;
			buildActionMask = 2147483647;
			files = (
				6C1B235C29FE5236009BFB6B /* ItemsListUITests.swift in Sources */,
				6C1B235E29FE5236009BFB6B /* ItemsListUITestsLaunchTests.swift in Sources */,
			);
			runOnlyForDeploymentPostprocessing = 0;
		};
/* End PBXSourcesBuildPhase section */

/* Begin PBXTargetDependency section */
		6C1B234F29FE5236009BFB6B /* PBXTargetDependency */ = {
			isa = PBXTargetDependency;
			target = 6C1B233629FE5235009BFB6B /* ItemsList */;
			targetProxy = 6C1B234E29FE5236009BFB6B /* PBXContainerItemProxy */;
		};
		6C1B235929FE5236009BFB6B /* PBXTargetDependency */ = {
			isa = PBXTargetDependency;
			target = 6C1B233629FE5235009BFB6B /* ItemsList */;
			targetProxy = 6C1B235829FE5236009BFB6B /* PBXContainerItemProxy */;
		};
/* End PBXTargetDependency section */

/* Begin PBXVariantGroup section */
		6C1B234529FE5236009BFB6B /* LaunchScreen.storyboard */ = {
			isa = PBXVariantGroup;
			children = (
				6C1B234629FE5236009BFB6B /* Base */,
			);
			name = LaunchScreen.storyboard;
			sourceTree = "<group>";
		};
		DDB3102629FE6AD300C11D59 /* Localizable.strings */ = {
			isa = PBXVariantGroup;
			children = (
				DDB3102529FE6AD300C11D59 /* en */,
				DDB3102729FE6AF000C11D59 /* fr */,
			);
			name = Localizable.strings;
			sourceTree = "<group>";
		};
/* End PBXVariantGroup section */

/* Begin XCBuildConfiguration section */
		6C1B235F29FE5236009BFB6B /* Debug */ = {
			isa = XCBuildConfiguration;
			buildSettings = {
				ALWAYS_SEARCH_USER_PATHS = NO;
				CLANG_ANALYZER_LOCALIZABILITY_NONLOCALIZED = YES;
				CLANG_ANALYZER_NONNULL = YES;
				CLANG_ANALYZER_NUMBER_OBJECT_CONVERSION = YES_AGGRESSIVE;
				CLANG_CXX_LANGUAGE_STANDARD = "gnu++20";
				CLANG_ENABLE_MODULES = YES;
				CLANG_ENABLE_OBJC_ARC = YES;
				CLANG_ENABLE_OBJC_WEAK = YES;
				CLANG_WARN_BLOCK_CAPTURE_AUTORELEASING = YES;
				CLANG_WARN_BOOL_CONVERSION = YES;
				CLANG_WARN_COMMA = YES;
				CLANG_WARN_CONSTANT_CONVERSION = YES;
				CLANG_WARN_DEPRECATED_OBJC_IMPLEMENTATIONS = YES;
				CLANG_WARN_DIRECT_OBJC_ISA_USAGE = YES_ERROR;
				CLANG_WARN_DOCUMENTATION_COMMENTS = YES;
				CLANG_WARN_EMPTY_BODY = YES;
				CLANG_WARN_ENUM_CONVERSION = YES;
				CLANG_WARN_INFINITE_RECURSION = YES;
				CLANG_WARN_INT_CONVERSION = YES;
				CLANG_WARN_NON_LITERAL_NULL_CONVERSION = YES;
				CLANG_WARN_OBJC_IMPLICIT_RETAIN_SELF = YES;
				CLANG_WARN_OBJC_LITERAL_CONVERSION = YES;
				CLANG_WARN_OBJC_ROOT_CLASS = YES_ERROR;
				CLANG_WARN_QUOTED_INCLUDE_IN_FRAMEWORK_HEADER = YES;
				CLANG_WARN_RANGE_LOOP_ANALYSIS = YES;
				CLANG_WARN_STRICT_PROTOTYPES = YES;
				CLANG_WARN_SUSPICIOUS_MOVE = YES;
				CLANG_WARN_UNGUARDED_AVAILABILITY = YES_AGGRESSIVE;
				CLANG_WARN_UNREACHABLE_CODE = YES;
				CLANG_WARN__DUPLICATE_METHOD_MATCH = YES;
				COPY_PHASE_STRIP = NO;
				DEBUG_INFORMATION_FORMAT = dwarf;
				ENABLE_STRICT_OBJC_MSGSEND = YES;
				ENABLE_TESTABILITY = YES;
				GCC_C_LANGUAGE_STANDARD = gnu11;
				GCC_DYNAMIC_NO_PIC = NO;
				GCC_NO_COMMON_BLOCKS = YES;
				GCC_OPTIMIZATION_LEVEL = 0;
				GCC_PREPROCESSOR_DEFINITIONS = (
					"DEBUG=1",
					"$(inherited)",
				);
				GCC_WARN_64_TO_32_BIT_CONVERSION = YES;
				GCC_WARN_ABOUT_RETURN_TYPE = YES_ERROR;
				GCC_WARN_UNDECLARED_SELECTOR = YES;
				GCC_WARN_UNINITIALIZED_AUTOS = YES_AGGRESSIVE;
				GCC_WARN_UNUSED_FUNCTION = YES;
				GCC_WARN_UNUSED_VARIABLE = YES;
				IPHONEOS_DEPLOYMENT_TARGET = 16.0;
				MTL_ENABLE_DEBUG_INFO = INCLUDE_SOURCE;
				MTL_FAST_MATH = YES;
				ONLY_ACTIVE_ARCH = YES;
				SDKROOT = iphoneos;
				SWIFT_ACTIVE_COMPILATION_CONDITIONS = DEBUG;
				SWIFT_OPTIMIZATION_LEVEL = "-Onone";
			};
			name = Debug;
		};
		6C1B236029FE5236009BFB6B /* Release */ = {
			isa = XCBuildConfiguration;
			buildSettings = {
				ALWAYS_SEARCH_USER_PATHS = NO;
				CLANG_ANALYZER_LOCALIZABILITY_NONLOCALIZED = YES;
				CLANG_ANALYZER_NONNULL = YES;
				CLANG_ANALYZER_NUMBER_OBJECT_CONVERSION = YES_AGGRESSIVE;
				CLANG_CXX_LANGUAGE_STANDARD = "gnu++20";
				CLANG_ENABLE_MODULES = YES;
				CLANG_ENABLE_OBJC_ARC = YES;
				CLANG_ENABLE_OBJC_WEAK = YES;
				CLANG_WARN_BLOCK_CAPTURE_AUTORELEASING = YES;
				CLANG_WARN_BOOL_CONVERSION = YES;
				CLANG_WARN_COMMA = YES;
				CLANG_WARN_CONSTANT_CONVERSION = YES;
				CLANG_WARN_DEPRECATED_OBJC_IMPLEMENTATIONS = YES;
				CLANG_WARN_DIRECT_OBJC_ISA_USAGE = YES_ERROR;
				CLANG_WARN_DOCUMENTATION_COMMENTS = YES;
				CLANG_WARN_EMPTY_BODY = YES;
				CLANG_WARN_ENUM_CONVERSION = YES;
				CLANG_WARN_INFINITE_RECURSION = YES;
				CLANG_WARN_INT_CONVERSION = YES;
				CLANG_WARN_NON_LITERAL_NULL_CONVERSION = YES;
				CLANG_WARN_OBJC_IMPLICIT_RETAIN_SELF = YES;
				CLANG_WARN_OBJC_LITERAL_CONVERSION = YES;
				CLANG_WARN_OBJC_ROOT_CLASS = YES_ERROR;
				CLANG_WARN_QUOTED_INCLUDE_IN_FRAMEWORK_HEADER = YES;
				CLANG_WARN_RANGE_LOOP_ANALYSIS = YES;
				CLANG_WARN_STRICT_PROTOTYPES = YES;
				CLANG_WARN_SUSPICIOUS_MOVE = YES;
				CLANG_WARN_UNGUARDED_AVAILABILITY = YES_AGGRESSIVE;
				CLANG_WARN_UNREACHABLE_CODE = YES;
				CLANG_WARN__DUPLICATE_METHOD_MATCH = YES;
				COPY_PHASE_STRIP = NO;
				DEBUG_INFORMATION_FORMAT = "dwarf-with-dsym";
				ENABLE_NS_ASSERTIONS = NO;
				ENABLE_STRICT_OBJC_MSGSEND = YES;
				GCC_C_LANGUAGE_STANDARD = gnu11;
				GCC_NO_COMMON_BLOCKS = YES;
				GCC_WARN_64_TO_32_BIT_CONVERSION = YES;
				GCC_WARN_ABOUT_RETURN_TYPE = YES_ERROR;
				GCC_WARN_UNDECLARED_SELECTOR = YES;
				GCC_WARN_UNINITIALIZED_AUTOS = YES_AGGRESSIVE;
				GCC_WARN_UNUSED_FUNCTION = YES;
				GCC_WARN_UNUSED_VARIABLE = YES;
				IPHONEOS_DEPLOYMENT_TARGET = 16.0;
				MTL_ENABLE_DEBUG_INFO = NO;
				MTL_FAST_MATH = YES;
				SDKROOT = iphoneos;
				SWIFT_COMPILATION_MODE = wholemodule;
				SWIFT_OPTIMIZATION_LEVEL = "-O";
				VALIDATE_PRODUCT = YES;
			};
			name = Release;
		};
		6C1B236229FE5236009BFB6B /* Debug */ = {
			isa = XCBuildConfiguration;
			buildSettings = {
				ASSETCATALOG_COMPILER_APPICON_NAME = AppIcon;
				ASSETCATALOG_COMPILER_GLOBAL_ACCENT_COLOR_NAME = AccentColor;
				CODE_SIGN_STYLE = Automatic;
				CURRENT_PROJECT_VERSION = 1;
				GENERATE_INFOPLIST_FILE = YES;
				INFOPLIST_FILE = ItemsList/Info.plist;
				INFOPLIST_KEY_UIApplicationSupportsIndirectInputEvents = YES;
				INFOPLIST_KEY_UILaunchStoryboardName = LaunchScreen;
				INFOPLIST_KEY_UIMainStoryboardFile = "";
				INFOPLIST_KEY_UISupportedInterfaceOrientations_iPad = "UIInterfaceOrientationPortrait UIInterfaceOrientationPortraitUpsideDown UIInterfaceOrientationLandscapeLeft UIInterfaceOrientationLandscapeRight";
				INFOPLIST_KEY_UISupportedInterfaceOrientations_iPhone = "UIInterfaceOrientationPortrait UIInterfaceOrientationLandscapeLeft UIInterfaceOrientationLandscapeRight";
				IPHONEOS_DEPLOYMENT_TARGET = 14.0;
				LD_RUNPATH_SEARCH_PATHS = (
					"$(inherited)",
					"@executable_path/Frameworks",
				);
				MARKETING_VERSION = 1.0;
				PRODUCT_BUNDLE_IDENTIFIER = MyProject.ItemsList;
				PRODUCT_NAME = "$(TARGET_NAME)";
				SWIFT_EMIT_LOC_STRINGS = YES;
				SWIFT_VERSION = 5.0;
				TARGETED_DEVICE_FAMILY = "1,2";
			};
			name = Debug;
		};
		6C1B236329FE5236009BFB6B /* Release */ = {
			isa = XCBuildConfiguration;
			buildSettings = {
				ASSETCATALOG_COMPILER_APPICON_NAME = AppIcon;
				ASSETCATALOG_COMPILER_GLOBAL_ACCENT_COLOR_NAME = AccentColor;
				CODE_SIGN_STYLE = Automatic;
				CURRENT_PROJECT_VERSION = 1;
				GENERATE_INFOPLIST_FILE = YES;
				INFOPLIST_FILE = ItemsList/Info.plist;
				INFOPLIST_KEY_UIApplicationSupportsIndirectInputEvents = YES;
				INFOPLIST_KEY_UILaunchStoryboardName = LaunchScreen;
				INFOPLIST_KEY_UIMainStoryboardFile = "";
				INFOPLIST_KEY_UISupportedInterfaceOrientations_iPad = "UIInterfaceOrientationPortrait UIInterfaceOrientationPortraitUpsideDown UIInterfaceOrientationLandscapeLeft UIInterfaceOrientationLandscapeRight";
				INFOPLIST_KEY_UISupportedInterfaceOrientations_iPhone = "UIInterfaceOrientationPortrait UIInterfaceOrientationLandscapeLeft UIInterfaceOrientationLandscapeRight";
				IPHONEOS_DEPLOYMENT_TARGET = 14.0;
				LD_RUNPATH_SEARCH_PATHS = (
					"$(inherited)",
					"@executable_path/Frameworks",
				);
				MARKETING_VERSION = 1.0;
				PRODUCT_BUNDLE_IDENTIFIER = MyProject.ItemsList;
				PRODUCT_NAME = "$(TARGET_NAME)";
				SWIFT_EMIT_LOC_STRINGS = YES;
				SWIFT_VERSION = 5.0;
				TARGETED_DEVICE_FAMILY = "1,2";
			};
			name = Release;
		};
		6C1B236529FE5236009BFB6B /* Debug */ = {
			isa = XCBuildConfiguration;
			buildSettings = {
				ALWAYS_EMBED_SWIFT_STANDARD_LIBRARIES = YES;
				BUNDLE_LOADER = "$(TEST_HOST)";
				CODE_SIGN_STYLE = Automatic;
				CURRENT_PROJECT_VERSION = 1;
				GENERATE_INFOPLIST_FILE = YES;
				IPHONEOS_DEPLOYMENT_TARGET = 16.0;
				MARKETING_VERSION = 1.0;
				PRODUCT_BUNDLE_IDENTIFIER = MyProject.ItemsListTests;
				PRODUCT_NAME = "$(TARGET_NAME)";
				SWIFT_EMIT_LOC_STRINGS = NO;
				SWIFT_VERSION = 5.0;
				TARGETED_DEVICE_FAMILY = "1,2";
				TEST_HOST = "$(BUILT_PRODUCTS_DIR)/ItemsList.app/$(BUNDLE_EXECUTABLE_FOLDER_PATH)/ItemsList";
			};
			name = Debug;
		};
		6C1B236629FE5236009BFB6B /* Release */ = {
			isa = XCBuildConfiguration;
			buildSettings = {
				ALWAYS_EMBED_SWIFT_STANDARD_LIBRARIES = YES;
				BUNDLE_LOADER = "$(TEST_HOST)";
				CODE_SIGN_STYLE = Automatic;
				CURRENT_PROJECT_VERSION = 1;
				GENERATE_INFOPLIST_FILE = YES;
				IPHONEOS_DEPLOYMENT_TARGET = 16.0;
				MARKETING_VERSION = 1.0;
				PRODUCT_BUNDLE_IDENTIFIER = MyProject.ItemsListTests;
				PRODUCT_NAME = "$(TARGET_NAME)";
				SWIFT_EMIT_LOC_STRINGS = NO;
				SWIFT_VERSION = 5.0;
				TARGETED_DEVICE_FAMILY = "1,2";
				TEST_HOST = "$(BUILT_PRODUCTS_DIR)/ItemsList.app/$(BUNDLE_EXECUTABLE_FOLDER_PATH)/ItemsList";
			};
			name = Release;
		};
		6C1B236829FE5236009BFB6B /* Debug */ = {
			isa = XCBuildConfiguration;
			buildSettings = {
				ALWAYS_EMBED_SWIFT_STANDARD_LIBRARIES = YES;
				CODE_SIGN_STYLE = Automatic;
				CURRENT_PROJECT_VERSION = 1;
				GENERATE_INFOPLIST_FILE = YES;
				MARKETING_VERSION = 1.0;
				PRODUCT_BUNDLE_IDENTIFIER = MyProject.ItemsListUITests;
				PRODUCT_NAME = "$(TARGET_NAME)";
				SWIFT_EMIT_LOC_STRINGS = NO;
				SWIFT_VERSION = 5.0;
				TARGETED_DEVICE_FAMILY = "1,2";
				TEST_TARGET_NAME = ItemsList;
			};
			name = Debug;
		};
		6C1B236929FE5236009BFB6B /* Release */ = {
			isa = XCBuildConfiguration;
			buildSettings = {
				ALWAYS_EMBED_SWIFT_STANDARD_LIBRARIES = YES;
				CODE_SIGN_STYLE = Automatic;
				CURRENT_PROJECT_VERSION = 1;
				GENERATE_INFOPLIST_FILE = YES;
				MARKETING_VERSION = 1.0;
				PRODUCT_BUNDLE_IDENTIFIER = MyProject.ItemsListUITests;
				PRODUCT_NAME = "$(TARGET_NAME)";
				SWIFT_EMIT_LOC_STRINGS = NO;
				SWIFT_VERSION = 5.0;
				TARGETED_DEVICE_FAMILY = "1,2";
				TEST_TARGET_NAME = ItemsList;
			};
			name = Release;
		};
/* End XCBuildConfiguration section */

/* Begin XCConfigurationList section */
		6C1B233229FE5235009BFB6B /* Build configuration list for PBXProject "ItemsList" */ = {
			isa = XCConfigurationList;
			buildConfigurations = (
				6C1B235F29FE5236009BFB6B /* Debug */,
				6C1B236029FE5236009BFB6B /* Release */,
			);
			defaultConfigurationIsVisible = 0;
			defaultConfigurationName = Release;
		};
		6C1B236129FE5236009BFB6B /* Build configuration list for PBXNativeTarget "ItemsList" */ = {
			isa = XCConfigurationList;
			buildConfigurations = (
				6C1B236229FE5236009BFB6B /* Debug */,
				6C1B236329FE5236009BFB6B /* Release */,
			);
			defaultConfigurationIsVisible = 0;
			defaultConfigurationName = Release;
		};
		6C1B236429FE5236009BFB6B /* Build configuration list for PBXNativeTarget "ItemsListTests" */ = {
			isa = XCConfigurationList;
			buildConfigurations = (
				6C1B236529FE5236009BFB6B /* Debug */,
				6C1B236629FE5236009BFB6B /* Release */,
			);
			defaultConfigurationIsVisible = 0;
			defaultConfigurationName = Release;
		};
		6C1B236729FE5236009BFB6B /* Build configuration list for PBXNativeTarget "ItemsListUITests" */ = {
			isa = XCConfigurationList;
			buildConfigurations = (
				6C1B236829FE5236009BFB6B /* Debug */,
				6C1B236929FE5236009BFB6B /* Release */,
			);
			defaultConfigurationIsVisible = 0;
			defaultConfigurationName = Release;
		};
/* End XCConfigurationList section */
	};
	rootObject = 6C1B232F29FE5235009BFB6B /* Project object */;
}
